
Microsoft Visual Studio Solution File, Format Version 12.00
# Visual Studio 15
VisualStudioVersion = 15.0.28307.106
MinimumVisualStudioVersion = 10.0.40219.1
Project("{FAE04EC0-301F-11D3-BF4B-00C04F79EFBC}") = "MCI_Common", "MCI_Common\MCI_Common.csproj", "{B7630D98-1259-40B3-B7D6-2FF40DC6F015}"
EndProject
Project("{FAE04EC0-301F-11D3-BF4B-00C04F79EFBC}") = "TestingClassLib", "TestingClassLib\TestingClassLib.csproj", "{4C3EC532-62DB-4700-ACA6-2367E276B146}"
EndProject
Project("{FAE04EC0-301F-11D3-BF4B-00C04F79EFBC}") = "Room", "Room\Room.csproj", "{DDC2B659-4607-4368-A735-A42409CCE228}"
EndProject
Project("{FAE04EC0-301F-11D3-BF4B-00C04F79EFBC}") = "Kitchen", "Kitchen\Kitchen.csproj", "{B129E226-0402-4B20-9F1C-F853FEDB444E}"
EndProject
Project("{FAE04EC0-301F-11D3-BF4B-00C04F79EFBC}") = "Kitchen.Tests", "Kitchen.Tests\Kitchen.Tests.csproj", "{ED17A66A-AEB8-45EA-8FD2-85EDA037E506}"
EndProject
Project("{FAE04EC0-301F-11D3-BF4B-00C04F79EFBC}") = "RoomTests", "RoomTests\RoomTests.csproj", "{F94E8C67-679B-4239-8D3B-EAFFE45A8A9C}"
EndProject
Project("{FAE04EC0-301F-11D3-BF4B-00C04F79EFBC}") = "TiledSharp", "TiledSharp\TiledSharp.csproj", "{DEDD84F5-45BC-4639-94BD-B2FE55D42C0B}"
EndProject
Project("{FAE04EC0-301F-11D3-BF4B-00C04F79EFBC}") = "ProjectDevKitchenNew", "..\..\..\..\ProjectDevKitchenNew\ProjectDevKitchenNew\ProjectDevKitchenNew.csproj", "{12BCC3F2-BD99-4424-9777-BDD58B811D87}"
EndProject
Global
	GlobalSection(SolutionConfigurationPlatforms) = preSolution
		Debug|Any CPU = Debug|Any CPU
		Debug|x86 = Debug|x86
		Release|Any CPU = Release|Any CPU
		Release|x86 = Release|x86
	EndGlobalSection
	GlobalSection(ProjectConfigurationPlatforms) = postSolution
		{B7630D98-1259-40B3-B7D6-2FF40DC6F015}.Debug|Any CPU.ActiveCfg = Debug|Any CPU
		{B7630D98-1259-40B3-B7D6-2FF40DC6F015}.Debug|Any CPU.Build.0 = Debug|Any CPU
		{B7630D98-1259-40B3-B7D6-2FF40DC6F015}.Debug|x86.ActiveCfg = Debug|Any CPU
		{B7630D98-1259-40B3-B7D6-2FF40DC6F015}.Debug|x86.Build.0 = Debug|Any CPU
		{B7630D98-1259-40B3-B7D6-2FF40DC6F015}.Release|Any CPU.ActiveCfg = Release|Any CPU
		{B7630D98-1259-40B3-B7D6-2FF40DC6F015}.Release|Any CPU.Build.0 = Release|Any CPU
		{B7630D98-1259-40B3-B7D6-2FF40DC6F015}.Release|x86.ActiveCfg = Release|Any CPU
		{B7630D98-1259-40B3-B7D6-2FF40DC6F015}.Release|x86.Build.0 = Release|Any CPU
		{4C3EC532-62DB-4700-ACA6-2367E276B146}.Debug|Any CPU.ActiveCfg = Debug|Any CPU
		{4C3EC532-62DB-4700-ACA6-2367E276B146}.Debug|Any CPU.Build.0 = Debug|Any CPU
		{4C3EC532-62DB-4700-ACA6-2367E276B146}.Debug|x86.ActiveCfg = Debug|Any CPU
		{4C3EC532-62DB-4700-ACA6-2367E276B146}.Debug|x86.Build.0 = Debug|Any CPU
		{4C3EC532-62DB-4700-ACA6-2367E276B146}.Release|Any CPU.ActiveCfg = Release|Any CPU
		{4C3EC532-62DB-4700-ACA6-2367E276B146}.Release|Any CPU.Build.0 = Release|Any CPU
		{4C3EC532-62DB-4700-ACA6-2367E276B146}.Release|x86.ActiveCfg = Release|Any CPU
		{4C3EC532-62DB-4700-ACA6-2367E276B146}.Release|x86.Build.0 = Release|Any CPU
		{DDC2B659-4607-4368-A735-A42409CCE228}.Debug|Any CPU.ActiveCfg = Debug|Any CPU
		{DDC2B659-4607-4368-A735-A42409CCE228}.Debug|Any CPU.Build.0 = Debug|Any CPU
		{DDC2B659-4607-4368-A735-A42409CCE228}.Debug|x86.ActiveCfg = Debug|Any CPU
		{DDC2B659-4607-4368-A735-A42409CCE228}.Debug|x86.Build.0 = Debug|Any CPU
		{DDC2B659-4607-4368-A735-A42409CCE228}.Release|Any CPU.ActiveCfg = Release|Any CPU
		{DDC2B659-4607-4368-A735-A42409CCE228}.Release|Any CPU.Build.0 = Release|Any CPU
		{DDC2B659-4607-4368-A735-A42409CCE228}.Release|x86.ActiveCfg = Release|Any CPU
		{DDC2B659-4607-4368-A735-A42409CCE228}.Release|x86.Build.0 = Release|Any CPU
		{B129E226-0402-4B20-9F1C-F853FEDB444E}.Debug|Any CPU.ActiveCfg = Debug|Any CPU
		{B129E226-0402-4B20-9F1C-F853FEDB444E}.Debug|Any CPU.Build.0 = Debug|Any CPU
		{B129E226-0402-4B20-9F1C-F853FEDB444E}.Debug|x86.ActiveCfg = Debug|Any CPU
		{B129E226-0402-4B20-9F1C-F853FEDB444E}.Debug|x86.Build.0 = Debug|Any CPU
		{B129E226-0402-4B20-9F1C-F853FEDB444E}.Release|Any CPU.ActiveCfg = Release|Any CPU
		{B129E226-0402-4B20-9F1C-F853FEDB444E}.Release|Any CPU.Build.0 = Release|Any CPU
		{B129E226-0402-4B20-9F1C-F853FEDB444E}.Release|x86.ActiveCfg = Release|Any CPU
		{B129E226-0402-4B20-9F1C-F853FEDB444E}.Release|x86.Build.0 = Release|Any CPU
		{ED17A66A-AEB8-45EA-8FD2-85EDA037E506}.Debug|Any CPU.ActiveCfg = Debug|Any CPU
		{ED17A66A-AEB8-45EA-8FD2-85EDA037E506}.Debug|Any CPU.Build.0 = Debug|Any CPU
		{ED17A66A-AEB8-45EA-8FD2-85EDA037E506}.Debug|x86.ActiveCfg = Debug|Any CPU
		{ED17A66A-AEB8-45EA-8FD2-85EDA037E506}.Debug|x86.Build.0 = Debug|Any CPU
		{ED17A66A-AEB8-45EA-8FD2-85EDA037E506}.Release|Any CPU.ActiveCfg = Release|Any CPU
		{ED17A66A-AEB8-45EA-8FD2-85EDA037E506}.Release|Any CPU.Build.0 = Release|Any CPU
		{ED17A66A-AEB8-45EA-8FD2-85EDA037E506}.Release|x86.ActiveCfg = Release|Any CPU
		{ED17A66A-AEB8-45EA-8FD2-85EDA037E506}.Release|x86.Build.0 = Release|Any CPU
		{F94E8C67-679B-4239-8D3B-EAFFE45A8A9C}.Debug|Any CPU.ActiveCfg = Debug|Any CPU
		{F94E8C67-679B-4239-8D3B-EAFFE45A8A9C}.Debug|Any CPU.Build.0 = Debug|Any CPU
		{F94E8C67-679B-4239-8D3B-EAFFE45A8A9C}.Debug|x86.ActiveCfg = Debug|Any CPU
		{F94E8C67-679B-4239-8D3B-EAFFE45A8A9C}.Debug|x86.Build.0 = Debug|Any CPU
		{F94E8C67-679B-4239-8D3B-EAFFE45A8A9C}.Release|Any CPU.ActiveCfg = Release|Any CPU
		{F94E8C67-679B-4239-8D3B-EAFFE45A8A9C}.Release|Any CPU.Build.0 = Release|Any CPU
		{F94E8C67-679B-4239-8D3B-EAFFE45A8A9C}.Release|x86.ActiveCfg = Release|Any CPU
		{F94E8C67-679B-4239-8D3B-EAFFE45A8A9C}.Release|x86.Build.0 = Release|Any CPU
		{DEDD84F5-45BC-4639-94BD-B2FE55D42C0B}.Debug|Any CPU.ActiveCfg = Debug|Any CPU
		{DEDD84F5-45BC-4639-94BD-B2FE55D42C0B}.Debug|Any CPU.Build.0 = Debug|Any CPU
		{DEDD84F5-45BC-4639-94BD-B2FE55D42C0B}.Debug|x86.ActiveCfg = Debug|Any CPU
		{DEDD84F5-45BC-4639-94BD-B2FE55D42C0B}.Debug|x86.Build.0 = Debug|Any CPU
		{DEDD84F5-45BC-4639-94BD-B2FE55D42C0B}.Release|Any CPU.ActiveCfg = Release|Any CPU
		{DEDD84F5-45BC-4639-94BD-B2FE55D42C0B}.Release|Any CPU.Build.0 = Release|Any CPU
		{DEDD84F5-45BC-4639-94BD-B2FE55D42C0B}.Release|x86.ActiveCfg = Release|Any CPU
		{DEDD84F5-45BC-4639-94BD-B2FE55D42C0B}.Release|x86.Build.0 = Release|Any CPU
		{12BCC3F2-BD99-4424-9777-BDD58B811D87}.Debug|Any CPU.ActiveCfg = Debug|x86
		{12BCC3F2-BD99-4424-9777-BDD58B811D87}.Debug|x86.ActiveCfg = Debug|x86
		{12BCC3F2-BD99-4424-9777-BDD58B811D87}.Debug|x86.Build.0 = Debug|x86
		{12BCC3F2-BD99-4424-9777-BDD58B811D87}.Release|Any CPU.ActiveCfg = Release|x86
		{12BCC3F2-BD99-4424-9777-BDD58B811D87}.Release|x86.ActiveCfg = Release|x86
		{12BCC3F2-BD99-4424-9777-BDD58B811D87}.Release|x86.Build.0 = Release|x86
	EndGlobalSection
	GlobalSection(SolutionProperties) = preSolution
		HideSolutionNode = FALSE
	EndGlobalSection
	GlobalSection(ExtensibilityGlobals) = postSolution
		SolutionGuid = {6F7E35B4-5E1D-48F5-95FF-21B128A3AF54}
	EndGlobalSection
EndGlobal
